
Microsoft Visual Studio Solution File, Format Version 12.00
# Visual Studio 14
VisualStudioVersion = 14.0.23107.0
MinimumVisualStudioVersion = 10.0.40219.1
Project("{FAE04EC0-301F-11D3-BF4B-00C04F79EFBC}") = "DefaultDomainTests", "DefaultDomainTests\DefaultDomainTests.csproj", "{FFF5A019-1FF0-41B2-83E6-C6DF5F14491A}"
EndProject
Project("{FAE04EC0-301F-11D3-BF4B-00C04F79EFBC}") = "CustomThing", "CustomThing\CustomThing.csproj", "{601E22D8-B145-48FC-9922-5373884E5F8A}"
EndProject
Project("{FAE04EC0-301F-11D3-BF4B-00C04F79EFBC}") = "TotallyDifferentProject", "TotallyDifferentProject\TotallyDifferentProject.csproj", "{F1F09087-8A6F-4597-94C6-F5D040DF094D}"
EndProject
Global
	GlobalSection(SolutionConfigurationPlatforms) = preSolution
		Debug|Any CPU = Debug|Any CPU
		Release|Any CPU = Release|Any CPU
	EndGlobalSection
	GlobalSection(ProjectConfigurationPlatforms) = postSolution
		{FFF5A019-1FF0-41B2-83E6-C6DF5F14491A}.Debug|Any CPU.ActiveCfg = Debug|Any CPU
		{FFF5A019-1FF0-41B2-83E6-C6DF5F14491A}.Debug|Any CPU.Build.0 = Debug|Any CPU
		{FFF5A019-1FF0-41B2-83E6-C6DF5F14491A}.Release|Any CPU.ActiveCfg = Release|Any CPU
		{FFF5A019-1FF0-41B2-83E6-C6DF5F14491A}.Release|Any CPU.Build.0 = Release|Any CPU
		{601E22D8-B145-48FC-9922-5373884E5F8A}.Debug|Any CPU.ActiveCfg = Debug|Any CPU
		{601E22D8-B145-48FC-9922-5373884E5F8A}.Debug|Any CPU.Build.0 = Debug|Any CPU
		{601E22D8-B145-48FC-9922-5373884E5F8A}.Release|Any CPU.ActiveCfg = Release|Any CPU
		{601E22D8-B145-48FC-9922-5373884E5F8A}.Release|Any CPU.Build.0 = Release|Any CPU
		{F1F09087-8A6F-4597-94C6-F5D040DF094D}.Debug|Any CPU.ActiveCfg = Debug|Any CPU
		{F1F09087-8A6F-4597-94C6-F5D040DF094D}.Debug|Any CPU.Build.0 = Debug|Any CPU
		{F1F09087-8A6F-4597-94C6-F5D040DF094D}.Release|Any CPU.ActiveCfg = Release|Any CPU
		{F1F09087-8A6F-4597-94C6-F5D040DF094D}.Release|Any CPU.Build.0 = Release|Any CPU
	EndGlobalSection
	GlobalSection(SolutionProperties) = preSolution
		HideSolutionNode = FALSE
	EndGlobalSection
EndGlobal
